
Microsoft Visual Studio Solution File, Format Version 12.00
# Visual Studio Version 17
VisualStudioVersion = 17.8.34330.188
MinimumVisualStudioVersion = 10.0.40219.1
Project("{9A19103F-16F7-4668-BE54-9A1E7A4F7556}") = "WebAPI", "WebAPI\WebAPI.csproj", "{6B4AE832-5677-4A53-8242-33B33D774C07}"
EndProject
Project("{9A19103F-16F7-4668-BE54-9A1E7A4F7556}") = "Entities", "Entities\Entities.csproj", "{C2CB777B-15E4-4719-9954-66FA8061B898}"
EndProject
Project("{9A19103F-16F7-4668-BE54-9A1E7A4F7556}") = "Repositories", "Repositories\Repositories.csproj", "{964F5E59-117B-42AD-823C-452751B0C07F}"
EndProject
Project("{9A19103F-16F7-4668-BE54-9A1E7A4F7556}") = "Services", "Services\Services.csproj", "{ECEF294D-2C29-49E5-B228-8EFD86BB0388}"
EndProject
Project("{9A19103F-16F7-4668-BE54-9A1E7A4F7556}") = "Presentation", "Presentation\Presentation.csproj", "{3CDAA5CD-4929-494C-A446-DB4F3204AFF2}"
EndProject
Global
	GlobalSection(SolutionConfigurationPlatforms) = preSolution
		Debug|Any CPU = Debug|Any CPU
		Release|Any CPU = Release|Any CPU
	EndGlobalSection
	GlobalSection(ProjectConfigurationPlatforms) = postSolution
		{6B4AE832-5677-4A53-8242-33B33D774C07}.Debug|Any CPU.ActiveCfg = Debug|Any CPU
		{6B4AE832-5677-4A53-8242-33B33D774C07}.Debug|Any CPU.Build.0 = Debug|Any CPU
		{6B4AE832-5677-4A53-8242-33B33D774C07}.Release|Any CPU.ActiveCfg = Release|Any CPU
		{6B4AE832-5677-4A53-8242-33B33D774C07}.Release|Any CPU.Build.0 = Release|Any CPU
		{C2CB777B-15E4-4719-9954-66FA8061B898}.Debug|Any CPU.ActiveCfg = Debug|Any CPU
		{C2CB777B-15E4-4719-9954-66FA8061B898}.Debug|Any CPU.Build.0 = Debug|Any CPU
		{C2CB777B-15E4-4719-9954-66FA8061B898}.Release|Any CPU.ActiveCfg = Release|Any CPU
		{C2CB777B-15E4-4719-9954-66FA8061B898}.Release|Any CPU.Build.0 = Release|Any CPU
		{964F5E59-117B-42AD-823C-452751B0C07F}.Debug|Any CPU.ActiveCfg = Debug|Any CPU
		{964F5E59-117B-42AD-823C-452751B0C07F}.Debug|Any CPU.Build.0 = Debug|Any CPU
		{964F5E59-117B-42AD-823C-452751B0C07F}.Release|Any CPU.ActiveCfg = Release|Any CPU
		{964F5E59-117B-42AD-823C-452751B0C07F}.Release|Any CPU.Build.0 = Release|Any CPU
		{ECEF294D-2C29-49E5-B228-8EFD86BB0388}.Debug|Any CPU.ActiveCfg = Debug|Any CPU
		{ECEF294D-2C29-49E5-B228-8EFD86BB0388}.Debug|Any CPU.Build.0 = Debug|Any CPU
		{ECEF294D-2C29-49E5-B228-8EFD86BB0388}.Release|Any CPU.ActiveCfg = Release|Any CPU
		{ECEF294D-2C29-49E5-B228-8EFD86BB0388}.Release|Any CPU.Build.0 = Release|Any CPU
		{3CDAA5CD-4929-494C-A446-DB4F3204AFF2}.Debug|Any CPU.ActiveCfg = Debug|Any CPU
		{3CDAA5CD-4929-494C-A446-DB4F3204AFF2}.Debug|Any CPU.Build.0 = Debug|Any CPU
		{3CDAA5CD-4929-494C-A446-DB4F3204AFF2}.Release|Any CPU.ActiveCfg = Release|Any CPU
		{3CDAA5CD-4929-494C-A446-DB4F3204AFF2}.Release|Any CPU.Build.0 = Release|Any CPU
	EndGlobalSection
	GlobalSection(SolutionProperties) = preSolution
		HideSolutionNode = FALSE
	EndGlobalSection
	GlobalSection(ExtensibilityGlobals) = postSolution
		SolutionGuid = {F11A78B8-EF83-4B82-BC7E-771CD6F9656F}
	EndGlobalSection
EndGlobal
